<?xml version="1.0" encoding="utf-8"?>
<Project ToolsVersion="4.0" xmlns="http://schemas.microsoft.com/developer/msbuild/2003">
  <ItemGroup>
    <Filter Include="Source Files">
      <UniqueIdentifier>{4FC737F1-C7A5-4376-A066-2A32D752A2FF}</UniqueIdentifier>
      <Extensions>cpp;c;cc;cxx;c++;cppm;ixx;def;odl;idl;hpj;bat;asm;asmx</Extensions>
    </Filter>
    <Filter Include="Header Files">
      <UniqueIdentifier>{93995380-89BD-4b04-88EB-625FBE52EBFB}</UniqueIdentifier>
      <Extensions>h;hh;hpp;hxx;h++;hm;inl;inc;ipp;xsd</Extensions>
    </Filter>
    <Filter Include="Resource Files">
      <UniqueIdentifier>{67DA6AB6-F800-4c08-8B7A-83BB121AAD01}</UniqueIdentifier>
      <Extensions>rc;ico;cur;bmp;dlg;rc2;rct;bin;rgs;gif;jpg;jpeg;jpe;resx;tiff;tif;png;wav;mfcribbon-ms</Extensions>
    </Filter>
  </ItemGroup>
  <ItemGroup>
    <ClCompile Include="source.cpp">
      <Filter>Source Files</Filter>
    </ClCompile>
    <ClCompile Include="hack\hooks\hooks.cpp">
      <Filter>Source Files</Filter>
    </ClCompile>
    <ClCompile Include="hack\mods\matching.cpp">
      <Filter>Source Files</Filter>
    </ClCompile>
    <ClCompile Include="hack\mods\teleport.cpp">
      <Filter>Source Files</Filter>
    </ClCompile>
    <ClCompile Include="pch.cpp">
      <Filter>Source Files</Filter>
    </ClCompile>
    <ClCompile Include="hack\SDK\sdk.cpp">
      <Filter>Source Files</Filter>
    </ClCompile>
    <ClCompile Include="hack\utils\address.hpp">
      <Filter>Source Files</Filter>
    </ClCompile>
  </ItemGroup>
  <ItemGroup>
    <None Include="vcpkg.json" />
  </ItemGroup>
  <ItemGroup>
    <ClInclude Include="hack\SDK\offsets.hpp">
      <Filter>Header Files</Filter>
    </ClInclude>
    <ClInclude Include="hack\hooks\hooks.hpp">
      <Filter>Header Files</Filter>
    </ClInclude>
    <ClInclude Include="hack\api.hpp">
      <Filter>Header Files</Filter>
    </ClInclude>
    <ClInclude Include="hack\utils\utils.hpp">
      <Filter>Header Files</Filter>
    </ClInclude>
    <ClInclude Include="hack\SDK\enums.hpp">
      <Filter>Header Files</Filter>
    </ClInclude>
    <ClInclude Include="hack\SDK\typeinfo.hpp">
      <Filter>Header Files</Filter>
    </ClInclude>
    <ClInclude Include="hack\SDK\messages.hpp">
      <Filter>Header Files</Filter>
    </ClInclude>
    <ClInclude Include="hack\SDK\eastl.hpp">
      <Filter>Header Files</Filter>
    </ClInclude>
    <ClInclude Include="hack\SDK\checks.hpp">
      <Filter>Header Files</Filter>
    </ClInclude>
    <ClInclude Include="hack\SDK\sdk.hpp">
      <Filter>Header Files</Filter>
    </ClInclude>
    <ClInclude Include="hack\mods\matching.hpp">
      <Filter>Header Files</Filter>
    </ClInclude>
    <ClInclude Include="hack\mods\teleport.hpp">
      <Filter>Header Files</Filter>
    </ClInclude>
    <ClInclude Include="hack\SDK\math.hpp">
      <Filter>Header Files</Filter>
    </ClInclude>
    <ClInclude Include="hack\SDK\vfunc.hpp">
      <Filter>Header Files</Filter>
    </ClInclude>
    <ClInclude Include="pch.h">
      <Filter>Header Files</Filter>
    </ClInclude>
    <ClInclude Include="hack\SDK\pad.hpp">
      <Filter>Header Files</Filter>
    </ClInclude>
  </ItemGroup>
</Project>